
Microsoft Visual Studio Solution File, Format Version 12.00
# Visual Studio Version 16
VisualStudioVersion = 16.0.30011.22
MinimumVisualStudioVersion = 10.0.40219.1
Project("{FAE04EC0-301F-11D3-BF4B-00C04F79EFBC}") = "BudgetAppCross.Android", "BudgetAppCross.Android\BudgetAppCross.Android.csproj", "{F3432E8F-026F-4934-8A15-9EF0E033C6B5}"
EndProject
Project("{FAE04EC0-301F-11D3-BF4B-00C04F79EFBC}") = "BudgetAppCross.iOS", "BudgetAppCross.iOS\BudgetAppCross.iOS.csproj", "{78350EE4-F569-47C1-8FEC-FB299162C5E9}"
EndProject
Project("{9A19103F-16F7-4668-BE54-9A1E7A4F7556}") = "BudgetAppCross", "BudgetAppCross\BudgetAppCross.csproj", "{4C3E0843-7A64-46F3-B7F3-DCF4801C389E}"
EndProject
Project("{9A19103F-16F7-4668-BE54-9A1E7A4F7556}") = "BudgetAppCross.Core", "BudgetAppCross.Core\BudgetAppCross.Core.csproj", "{367885F9-3EA9-4379-852E-95C2C320CCD5}"
EndProject
Project("{FAE04EC0-301F-11D3-BF4B-00C04F79EFBC}") = "BudgetAppCross.ViewModels", "BudgetAppCross.ViewModels\BudgetAppCross.ViewModels.csproj", "{53539723-0084-4C15-9DB1-DC2D6DFE69CE}"
EndProject
Project("{FAE04EC0-301F-11D3-BF4B-00C04F79EFBC}") = "BudgetAppCross.Services", "BudgetAppCross.Services\BudgetAppCross.Services.csproj", "{697630EA-D58D-43FD-B686-697A6F400B25}"
EndProject
Project("{9A19103F-16F7-4668-BE54-9A1E7A4F7556}") = "BudgetAppCross.Models", "BudgetAppCross.Models\BudgetAppCross.Models.csproj", "{A57F6BDF-840F-4AC3-A05B-3F376B2225CB}"
EndProject
Project("{9A19103F-16F7-4668-BE54-9A1E7A4F7556}") = "BudgetAppCore.Sqlite", "BudgetAppCore.Sqlite\BudgetAppCore.Sqlite.csproj", "{88085446-5026-4324-8ECD-B75178C4F834}"
EndProject
Project("{9A19103F-16F7-4668-BE54-9A1E7A4F7556}") = "CustomXamarinFormsConverters", "CustomXamarinFormsConverters\CustomXamarinFormsConverters.csproj", "{141DA9CA-D7A9-41AC-8220-D004854C6EA6}"
EndProject
Project("{9A19103F-16F7-4668-BE54-9A1E7A4F7556}") = "CustomXamarinFormsBehaviors", "CustomXamarinFormsBehaviors\CustomXamarinFormsBehaviors.csproj", "{B57B6735-266F-4730-AFBB-DF593EF32293}"
EndProject
Project("{9A19103F-16F7-4668-BE54-9A1E7A4F7556}") = "InAppPurchasing.Core", "InAppPurchasing.Core\InAppPurchasing.Core.csproj", "{D59B3490-CF7F-4BBF-ABA3-763AE3F41899}"
EndProject
Project("{FAE04EC0-301F-11D3-BF4B-00C04F79EFBC}") = "InAppPurchasing.iOS", "InAppPurchasing.Ios\InAppPurchasing.iOS.csproj", "{DB2C73C3-D1F0-4F40-BF74-266440963912}"
EndProject
Project("{FAE04EC0-301F-11D3-BF4B-00C04F79EFBC}") = "BaseClasses", "BaseClasses\BaseClasses.csproj", "{7CA92946-7434-4545-B961-44D0A77D7822}"
EndProject
Global
	GlobalSection(SolutionConfigurationPlatforms) = preSolution
		Debug|Any CPU = Debug|Any CPU
		Debug|iPhone = Debug|iPhone
		Debug|iPhoneSimulator = Debug|iPhoneSimulator
		Release|Any CPU = Release|Any CPU
		Release|iPhone = Release|iPhone
		Release|iPhoneSimulator = Release|iPhoneSimulator
	EndGlobalSection
	GlobalSection(ProjectConfigurationPlatforms) = postSolution
		{F3432E8F-026F-4934-8A15-9EF0E033C6B5}.Debug|Any CPU.ActiveCfg = Debug|Any CPU
		{F3432E8F-026F-4934-8A15-9EF0E033C6B5}.Debug|Any CPU.Build.0 = Debug|Any CPU
		{F3432E8F-026F-4934-8A15-9EF0E033C6B5}.Debug|Any CPU.Deploy.0 = Debug|Any CPU
		{F3432E8F-026F-4934-8A15-9EF0E033C6B5}.Debug|iPhone.ActiveCfg = Debug|Any CPU
		{F3432E8F-026F-4934-8A15-9EF0E033C6B5}.Debug|iPhone.Build.0 = Debug|Any CPU
		{F3432E8F-026F-4934-8A15-9EF0E033C6B5}.Debug|iPhone.Deploy.0 = Debug|Any CPU
		{F3432E8F-026F-4934-8A15-9EF0E033C6B5}.Debug|iPhoneSimulator.ActiveCfg = Debug|Any CPU
		{F3432E8F-026F-4934-8A15-9EF0E033C6B5}.Debug|iPhoneSimulator.Build.0 = Debug|Any CPU
		{F3432E8F-026F-4934-8A15-9EF0E033C6B5}.Debug|iPhoneSimulator.Deploy.0 = Debug|Any CPU
		{F3432E8F-026F-4934-8A15-9EF0E033C6B5}.Release|Any CPU.ActiveCfg = Release|Any CPU
		{F3432E8F-026F-4934-8A15-9EF0E033C6B5}.Release|Any CPU.Build.0 = Release|Any CPU
		{F3432E8F-026F-4934-8A15-9EF0E033C6B5}.Release|Any CPU.Deploy.0 = Release|Any CPU
		{F3432E8F-026F-4934-8A15-9EF0E033C6B5}.Release|iPhone.ActiveCfg = Release|Any CPU
		{F3432E8F-026F-4934-8A15-9EF0E033C6B5}.Release|iPhone.Build.0 = Release|Any CPU
		{F3432E8F-026F-4934-8A15-9EF0E033C6B5}.Release|iPhone.Deploy.0 = Release|Any CPU
		{F3432E8F-026F-4934-8A15-9EF0E033C6B5}.Release|iPhoneSimulator.ActiveCfg = Release|Any CPU
		{F3432E8F-026F-4934-8A15-9EF0E033C6B5}.Release|iPhoneSimulator.Build.0 = Release|Any CPU
		{F3432E8F-026F-4934-8A15-9EF0E033C6B5}.Release|iPhoneSimulator.Deploy.0 = Release|Any CPU
		{78350EE4-F569-47C1-8FEC-FB299162C5E9}.Debug|Any CPU.ActiveCfg = Debug|iPhone
		{78350EE4-F569-47C1-8FEC-FB299162C5E9}.Debug|Any CPU.Build.0 = Debug|iPhone
		{78350EE4-F569-47C1-8FEC-FB299162C5E9}.Debug|Any CPU.Deploy.0 = Debug|iPhone
		{78350EE4-F569-47C1-8FEC-FB299162C5E9}.Debug|iPhone.ActiveCfg = Debug|iPhone
		{78350EE4-F569-47C1-8FEC-FB299162C5E9}.Debug|iPhone.Build.0 = Debug|iPhone
		{78350EE4-F569-47C1-8FEC-FB299162C5E9}.Debug|iPhone.Deploy.0 = Debug|iPhone
		{78350EE4-F569-47C1-8FEC-FB299162C5E9}.Debug|iPhoneSimulator.ActiveCfg = Debug|iPhoneSimulator
		{78350EE4-F569-47C1-8FEC-FB299162C5E9}.Debug|iPhoneSimulator.Build.0 = Debug|iPhoneSimulator
		{78350EE4-F569-47C1-8FEC-FB299162C5E9}.Debug|iPhoneSimulator.Deploy.0 = Debug|iPhoneSimulator
		{78350EE4-F569-47C1-8FEC-FB299162C5E9}.Release|Any CPU.ActiveCfg = Release|iPhone
		{78350EE4-F569-47C1-8FEC-FB299162C5E9}.Release|Any CPU.Build.0 = Release|iPhone
		{78350EE4-F569-47C1-8FEC-FB299162C5E9}.Release|Any CPU.Deploy.0 = Release|iPhone
		{78350EE4-F569-47C1-8FEC-FB299162C5E9}.Release|iPhone.ActiveCfg = Release|iPhone
		{78350EE4-F569-47C1-8FEC-FB299162C5E9}.Release|iPhone.Build.0 = Release|iPhone
		{78350EE4-F569-47C1-8FEC-FB299162C5E9}.Release|iPhone.Deploy.0 = Release|iPhone
		{78350EE4-F569-47C1-8FEC-FB299162C5E9}.Release|iPhoneSimulator.ActiveCfg = Release|iPhoneSimulator
		{78350EE4-F569-47C1-8FEC-FB299162C5E9}.Release|iPhoneSimulator.Build.0 = Release|iPhoneSimulator
		{78350EE4-F569-47C1-8FEC-FB299162C5E9}.Release|iPhoneSimulator.Deploy.0 = Release|iPhoneSimulator
		{4C3E0843-7A64-46F3-B7F3-DCF4801C389E}.Debug|Any CPU.ActiveCfg = Debug|Any CPU
		{4C3E0843-7A64-46F3-B7F3-DCF4801C389E}.Debug|Any CPU.Build.0 = Debug|Any CPU
		{4C3E0843-7A64-46F3-B7F3-DCF4801C389E}.Debug|Any CPU.Deploy.0 = Debug|Any CPU
		{4C3E0843-7A64-46F3-B7F3-DCF4801C389E}.Debug|iPhone.ActiveCfg = Debug|Any CPU
		{4C3E0843-7A64-46F3-B7F3-DCF4801C389E}.Debug|iPhone.Build.0 = Debug|Any CPU
		{4C3E0843-7A64-46F3-B7F3-DCF4801C389E}.Debug|iPhone.Deploy.0 = Debug|Any CPU
		{4C3E0843-7A64-46F3-B7F3-DCF4801C389E}.Debug|iPhoneSimulator.ActiveCfg = Debug|Any CPU
		{4C3E0843-7A64-46F3-B7F3-DCF4801C389E}.Debug|iPhoneSimulator.Build.0 = Debug|Any CPU
		{4C3E0843-7A64-46F3-B7F3-DCF4801C389E}.Debug|iPhoneSimulator.Deploy.0 = Debug|Any CPU
		{4C3E0843-7A64-46F3-B7F3-DCF4801C389E}.Release|Any CPU.ActiveCfg = Release|Any CPU
		{4C3E0843-7A64-46F3-B7F3-DCF4801C389E}.Release|Any CPU.Build.0 = Release|Any CPU
		{4C3E0843-7A64-46F3-B7F3-DCF4801C389E}.Release|Any CPU.Deploy.0 = Release|Any CPU
		{4C3E0843-7A64-46F3-B7F3-DCF4801C389E}.Release|iPhone.ActiveCfg = Release|Any CPU
		{4C3E0843-7A64-46F3-B7F3-DCF4801C389E}.Release|iPhone.Build.0 = Release|Any CPU
		{4C3E0843-7A64-46F3-B7F3-DCF4801C389E}.Release|iPhone.Deploy.0 = Release|Any CPU
		{4C3E0843-7A64-46F3-B7F3-DCF4801C389E}.Release|iPhoneSimulator.ActiveCfg = Release|Any CPU
		{4C3E0843-7A64-46F3-B7F3-DCF4801C389E}.Release|iPhoneSimulator.Build.0 = Release|Any CPU
		{4C3E0843-7A64-46F3-B7F3-DCF4801C389E}.Release|iPhoneSimulator.Deploy.0 = Release|Any CPU
		{367885F9-3EA9-4379-852E-95C2C320CCD5}.Debug|Any CPU.ActiveCfg = Debug|Any CPU
		{367885F9-3EA9-4379-852E-95C2C320CCD5}.Debug|Any CPU.Build.0 = Debug|Any CPU
		{367885F9-3EA9-4379-852E-95C2C320CCD5}.Debug|iPhone.ActiveCfg = Debug|Any CPU
		{367885F9-3EA9-4379-852E-95C2C320CCD5}.Debug|iPhone.Build.0 = Debug|Any CPU
		{367885F9-3EA9-4379-852E-95C2C320CCD5}.Debug|iPhoneSimulator.ActiveCfg = Debug|Any CPU
		{367885F9-3EA9-4379-852E-95C2C320CCD5}.Debug|iPhoneSimulator.Build.0 = Debug|Any CPU
		{367885F9-3EA9-4379-852E-95C2C320CCD5}.Release|Any CPU.ActiveCfg = Release|Any CPU
		{367885F9-3EA9-4379-852E-95C2C320CCD5}.Release|Any CPU.Build.0 = Release|Any CPU
		{367885F9-3EA9-4379-852E-95C2C320CCD5}.Release|iPhone.ActiveCfg = Release|Any CPU
		{367885F9-3EA9-4379-852E-95C2C320CCD5}.Release|iPhone.Build.0 = Release|Any CPU
		{367885F9-3EA9-4379-852E-95C2C320CCD5}.Release|iPhoneSimulator.ActiveCfg = Release|Any CPU
		{367885F9-3EA9-4379-852E-95C2C320CCD5}.Release|iPhoneSimulator.Build.0 = Release|Any CPU
		{53539723-0084-4C15-9DB1-DC2D6DFE69CE}.Debug|Any CPU.ActiveCfg = Debug|Any CPU
		{53539723-0084-4C15-9DB1-DC2D6DFE69CE}.Debug|Any CPU.Build.0 = Debug|Any CPU
		{53539723-0084-4C15-9DB1-DC2D6DFE69CE}.Debug|iPhone.ActiveCfg = Debug|Any CPU
		{53539723-0084-4C15-9DB1-DC2D6DFE69CE}.Debug|iPhone.Build.0 = Debug|Any CPU
		{53539723-0084-4C15-9DB1-DC2D6DFE69CE}.Debug|iPhoneSimulator.ActiveCfg = Debug|Any CPU
		{53539723-0084-4C15-9DB1-DC2D6DFE69CE}.Debug|iPhoneSimulator.Build.0 = Debug|Any CPU
		{53539723-0084-4C15-9DB1-DC2D6DFE69CE}.Release|Any CPU.ActiveCfg = Release|Any CPU
		{53539723-0084-4C15-9DB1-DC2D6DFE69CE}.Release|Any CPU.Build.0 = Release|Any CPU
		{53539723-0084-4C15-9DB1-DC2D6DFE69CE}.Release|iPhone.ActiveCfg = Release|Any CPU
		{53539723-0084-4C15-9DB1-DC2D6DFE69CE}.Release|iPhone.Build.0 = Release|Any CPU
		{53539723-0084-4C15-9DB1-DC2D6DFE69CE}.Release|iPhoneSimulator.ActiveCfg = Release|Any CPU
		{53539723-0084-4C15-9DB1-DC2D6DFE69CE}.Release|iPhoneSimulator.Build.0 = Release|Any CPU
		{697630EA-D58D-43FD-B686-697A6F400B25}.Debug|Any CPU.ActiveCfg = Debug|Any CPU
		{697630EA-D58D-43FD-B686-697A6F400B25}.Debug|Any CPU.Build.0 = Debug|Any CPU
		{697630EA-D58D-43FD-B686-697A6F400B25}.Debug|iPhone.ActiveCfg = Debug|Any CPU
		{697630EA-D58D-43FD-B686-697A6F400B25}.Debug|iPhone.Build.0 = Debug|Any CPU
		{697630EA-D58D-43FD-B686-697A6F400B25}.Debug|iPhoneSimulator.ActiveCfg = Debug|Any CPU
		{697630EA-D58D-43FD-B686-697A6F400B25}.Debug|iPhoneSimulator.Build.0 = Debug|Any CPU
		{697630EA-D58D-43FD-B686-697A6F400B25}.Release|Any CPU.ActiveCfg = Release|Any CPU
		{697630EA-D58D-43FD-B686-697A6F400B25}.Release|Any CPU.Build.0 = Release|Any CPU
		{697630EA-D58D-43FD-B686-697A6F400B25}.Release|iPhone.ActiveCfg = Release|Any CPU
		{697630EA-D58D-43FD-B686-697A6F400B25}.Release|iPhone.Build.0 = Release|Any CPU
		{697630EA-D58D-43FD-B686-697A6F400B25}.Release|iPhoneSimulator.ActiveCfg = Release|Any CPU
		{697630EA-D58D-43FD-B686-697A6F400B25}.Release|iPhoneSimulator.Build.0 = Release|Any CPU
		{A57F6BDF-840F-4AC3-A05B-3F376B2225CB}.Debug|Any CPU.ActiveCfg = Debug|Any CPU
		{A57F6BDF-840F-4AC3-A05B-3F376B2225CB}.Debug|Any CPU.Build.0 = Debug|Any CPU
		{A57F6BDF-840F-4AC3-A05B-3F376B2225CB}.Debug|iPhone.ActiveCfg = Debug|Any CPU
		{A57F6BDF-840F-4AC3-A05B-3F376B2225CB}.Debug|iPhone.Build.0 = Debug|Any CPU
		{A57F6BDF-840F-4AC3-A05B-3F376B2225CB}.Debug|iPhoneSimulator.ActiveCfg = Debug|Any CPU
		{A57F6BDF-840F-4AC3-A05B-3F376B2225CB}.Debug|iPhoneSimulator.Build.0 = Debug|Any CPU
		{A57F6BDF-840F-4AC3-A05B-3F376B2225CB}.Release|Any CPU.ActiveCfg = Release|Any CPU
		{A57F6BDF-840F-4AC3-A05B-3F376B2225CB}.Release|Any CPU.Build.0 = Release|Any CPU
		{A57F6BDF-840F-4AC3-A05B-3F376B2225CB}.Release|iPhone.ActiveCfg = Release|Any CPU
		{A57F6BDF-840F-4AC3-A05B-3F376B2225CB}.Release|iPhone.Build.0 = Release|Any CPU
		{A57F6BDF-840F-4AC3-A05B-3F376B2225CB}.Release|iPhoneSimulator.ActiveCfg = Release|Any CPU
		{A57F6BDF-840F-4AC3-A05B-3F376B2225CB}.Release|iPhoneSimulator.Build.0 = Release|Any CPU
		{88085446-5026-4324-8ECD-B75178C4F834}.Debug|Any CPU.ActiveCfg = Debug|Any CPU
		{88085446-5026-4324-8ECD-B75178C4F834}.Debug|Any CPU.Build.0 = Debug|Any CPU
		{88085446-5026-4324-8ECD-B75178C4F834}.Debug|iPhone.ActiveCfg = Debug|Any CPU
		{88085446-5026-4324-8ECD-B75178C4F834}.Debug|iPhone.Build.0 = Debug|Any CPU
		{88085446-5026-4324-8ECD-B75178C4F834}.Debug|iPhoneSimulator.ActiveCfg = Debug|Any CPU
		{88085446-5026-4324-8ECD-B75178C4F834}.Debug|iPhoneSimulator.Build.0 = Debug|Any CPU
		{88085446-5026-4324-8ECD-B75178C4F834}.Release|Any CPU.ActiveCfg = Release|Any CPU
		{88085446-5026-4324-8ECD-B75178C4F834}.Release|Any CPU.Build.0 = Release|Any CPU
		{88085446-5026-4324-8ECD-B75178C4F834}.Release|iPhone.ActiveCfg = Release|Any CPU
		{88085446-5026-4324-8ECD-B75178C4F834}.Release|iPhone.Build.0 = Release|Any CPU
		{88085446-5026-4324-8ECD-B75178C4F834}.Release|iPhoneSimulator.ActiveCfg = Release|Any CPU
		{88085446-5026-4324-8ECD-B75178C4F834}.Release|iPhoneSimulator.Build.0 = Release|Any CPU
		{141DA9CA-D7A9-41AC-8220-D004854C6EA6}.Debug|Any CPU.ActiveCfg = Debug|Any CPU
		{141DA9CA-D7A9-41AC-8220-D004854C6EA6}.Debug|Any CPU.Build.0 = Debug|Any CPU
		{141DA9CA-D7A9-41AC-8220-D004854C6EA6}.Debug|iPhone.ActiveCfg = Debug|Any CPU
		{141DA9CA-D7A9-41AC-8220-D004854C6EA6}.Debug|iPhone.Build.0 = Debug|Any CPU
		{141DA9CA-D7A9-41AC-8220-D004854C6EA6}.Debug|iPhoneSimulator.ActiveCfg = Debug|Any CPU
		{141DA9CA-D7A9-41AC-8220-D004854C6EA6}.Debug|iPhoneSimulator.Build.0 = Debug|Any CPU
		{141DA9CA-D7A9-41AC-8220-D004854C6EA6}.Release|Any CPU.ActiveCfg = Release|Any CPU
		{141DA9CA-D7A9-41AC-8220-D004854C6EA6}.Release|Any CPU.Build.0 = Release|Any CPU
		{141DA9CA-D7A9-41AC-8220-D004854C6EA6}.Release|iPhone.ActiveCfg = Release|Any CPU
		{141DA9CA-D7A9-41AC-8220-D004854C6EA6}.Release|iPhone.Build.0 = Release|Any CPU
		{141DA9CA-D7A9-41AC-8220-D004854C6EA6}.Release|iPhoneSimulator.ActiveCfg = Release|Any CPU
		{141DA9CA-D7A9-41AC-8220-D004854C6EA6}.Release|iPhoneSimulator.Build.0 = Release|Any CPU
		{B57B6735-266F-4730-AFBB-DF593EF32293}.Debug|Any CPU.ActiveCfg = Debug|Any CPU
		{B57B6735-266F-4730-AFBB-DF593EF32293}.Debug|Any CPU.Build.0 = Debug|Any CPU
		{B57B6735-266F-4730-AFBB-DF593EF32293}.Debug|iPhone.ActiveCfg = Debug|Any CPU
		{B57B6735-266F-4730-AFBB-DF593EF32293}.Debug|iPhone.Build.0 = Debug|Any CPU
		{B57B6735-266F-4730-AFBB-DF593EF32293}.Debug|iPhoneSimulator.ActiveCfg = Debug|Any CPU
		{B57B6735-266F-4730-AFBB-DF593EF32293}.Debug|iPhoneSimulator.Build.0 = Debug|Any CPU
		{B57B6735-266F-4730-AFBB-DF593EF32293}.Release|Any CPU.ActiveCfg = Release|Any CPU
		{B57B6735-266F-4730-AFBB-DF593EF32293}.Release|Any CPU.Build.0 = Release|Any CPU
		{B57B6735-266F-4730-AFBB-DF593EF32293}.Release|iPhone.ActiveCfg = Release|Any CPU
		{B57B6735-266F-4730-AFBB-DF593EF32293}.Release|iPhone.Build.0 = Release|Any CPU
		{B57B6735-266F-4730-AFBB-DF593EF32293}.Release|iPhoneSimulator.ActiveCfg = Release|Any CPU
		{B57B6735-266F-4730-AFBB-DF593EF32293}.Release|iPhoneSimulator.Build.0 = Release|Any CPU
		{D59B3490-CF7F-4BBF-ABA3-763AE3F41899}.Debug|Any CPU.ActiveCfg = Debug|Any CPU
		{D59B3490-CF7F-4BBF-ABA3-763AE3F41899}.Debug|Any CPU.Build.0 = Debug|Any CPU
		{D59B3490-CF7F-4BBF-ABA3-763AE3F41899}.Debug|iPhone.ActiveCfg = Debug|Any CPU
		{D59B3490-CF7F-4BBF-ABA3-763AE3F41899}.Debug|iPhone.Build.0 = Debug|Any CPU
		{D59B3490-CF7F-4BBF-ABA3-763AE3F41899}.Debug|iPhoneSimulator.ActiveCfg = Debug|Any CPU
		{D59B3490-CF7F-4BBF-ABA3-763AE3F41899}.Debug|iPhoneSimulator.Build.0 = Debug|Any CPU
		{D59B3490-CF7F-4BBF-ABA3-763AE3F41899}.Release|Any CPU.ActiveCfg = Release|Any CPU
		{D59B3490-CF7F-4BBF-ABA3-763AE3F41899}.Release|Any CPU.Build.0 = Release|Any CPU
		{D59B3490-CF7F-4BBF-ABA3-763AE3F41899}.Release|iPhone.ActiveCfg = Release|Any CPU
		{D59B3490-CF7F-4BBF-ABA3-763AE3F41899}.Release|iPhone.Build.0 = Release|Any CPU
		{D59B3490-CF7F-4BBF-ABA3-763AE3F41899}.Release|iPhoneSimulator.ActiveCfg = Release|Any CPU
		{D59B3490-CF7F-4BBF-ABA3-763AE3F41899}.Release|iPhoneSimulator.Build.0 = Release|Any CPU
		{DB2C73C3-D1F0-4F40-BF74-266440963912}.Debug|Any CPU.ActiveCfg = Debug|Any CPU
		{DB2C73C3-D1F0-4F40-BF74-266440963912}.Debug|Any CPU.Build.0 = Debug|Any CPU
		{DB2C73C3-D1F0-4F40-BF74-266440963912}.Debug|iPhone.ActiveCfg = Debug|Any CPU
		{DB2C73C3-D1F0-4F40-BF74-266440963912}.Debug|iPhone.Build.0 = Debug|Any CPU
		{DB2C73C3-D1F0-4F40-BF74-266440963912}.Debug|iPhoneSimulator.ActiveCfg = Debug|Any CPU
		{DB2C73C3-D1F0-4F40-BF74-266440963912}.Debug|iPhoneSimulator.Build.0 = Debug|Any CPU
		{DB2C73C3-D1F0-4F40-BF74-266440963912}.Release|Any CPU.ActiveCfg = Release|Any CPU
		{DB2C73C3-D1F0-4F40-BF74-266440963912}.Release|Any CPU.Build.0 = Release|Any CPU
		{DB2C73C3-D1F0-4F40-BF74-266440963912}.Release|iPhone.ActiveCfg = Release|Any CPU
		{DB2C73C3-D1F0-4F40-BF74-266440963912}.Release|iPhone.Build.0 = Release|Any CPU
		{DB2C73C3-D1F0-4F40-BF74-266440963912}.Release|iPhoneSimulator.ActiveCfg = Release|Any CPU
		{DB2C73C3-D1F0-4F40-BF74-266440963912}.Release|iPhoneSimulator.Build.0 = Release|Any CPU
		{7CA92946-7434-4545-B961-44D0A77D7822}.Debug|Any CPU.ActiveCfg = Debug|Any CPU
		{7CA92946-7434-4545-B961-44D0A77D7822}.Debug|Any CPU.Build.0 = Debug|Any CPU
		{7CA92946-7434-4545-B961-44D0A77D7822}.Debug|iPhone.ActiveCfg = Debug|Any CPU
		{7CA92946-7434-4545-B961-44D0A77D7822}.Debug|iPhone.Build.0 = Debug|Any CPU
		{7CA92946-7434-4545-B961-44D0A77D7822}.Debug|iPhoneSimulator.ActiveCfg = Debug|Any CPU
		{7CA92946-7434-4545-B961-44D0A77D7822}.Debug|iPhoneSimulator.Build.0 = Debug|Any CPU
		{7CA92946-7434-4545-B961-44D0A77D7822}.Release|Any CPU.ActiveCfg = Release|Any CPU
		{7CA92946-7434-4545-B961-44D0A77D7822}.Release|Any CPU.Build.0 = Release|Any CPU
		{7CA92946-7434-4545-B961-44D0A77D7822}.Release|iPhone.ActiveCfg = Release|Any CPU
		{7CA92946-7434-4545-B961-44D0A77D7822}.Release|iPhone.Build.0 = Release|Any CPU
		{7CA92946-7434-4545-B961-44D0A77D7822}.Release|iPhoneSimulator.ActiveCfg = Release|Any CPU
		{7CA92946-7434-4545-B961-44D0A77D7822}.Release|iPhoneSimulator.Build.0 = Release|Any CPU
	EndGlobalSection
	GlobalSection(SolutionProperties) = preSolution
		HideSolutionNode = FALSE
	EndGlobalSection
	GlobalSection(ExtensibilityGlobals) = postSolution
		SolutionGuid = {E55A5C70-B774-45EC-ACF6-1DF4F761DD3C}
	EndGlobalSection
EndGlobal
