
Microsoft Visual Studio Solution File, Format Version 12.00
# Visual Studio Version 16
VisualStudioVersion = 16.0.30011.22
MinimumVisualStudioVersion = 10.0.40219.1
Project("{9A19103F-16F7-4668-BE54-9A1E7A4F7556}") = "BudgetAppCross.Core", "BudgetAppCross.Core\BudgetAppCross.Core.csproj", "{367885F9-3EA9-4379-852E-95C2C320CCD5}"
EndProject
Project("{9A19103F-16F7-4668-BE54-9A1E7A4F7556}") = "BudgetAppCross.Services", "BudgetAppCross.Services\BudgetAppCross.Services.csproj", "{697630EA-D58D-43FD-B686-697A6F400B25}"
EndProject
Project("{9A19103F-16F7-4668-BE54-9A1E7A4F7556}") = "BudgetAppCross.Models", "BudgetAppCross.Models\BudgetAppCross.Models.csproj", "{A57F6BDF-840F-4AC3-A05B-3F376B2225CB}"
EndProject
Project("{9A19103F-16F7-4668-BE54-9A1E7A4F7556}") = "BudgetAppCore.Sqlite", "BudgetAppCore.Sqlite\BudgetAppCore.Sqlite.csproj", "{88085446-5026-4324-8ECD-B75178C4F834}"
EndProject
Project("{9A19103F-16F7-4668-BE54-9A1E7A4F7556}") = "CustomXamarinFormsConverters", "CustomXamarinFormsConverters\CustomXamarinFormsConverters.csproj", "{141DA9CA-D7A9-41AC-8220-D004854C6EA6}"
EndProject
Project("{9A19103F-16F7-4668-BE54-9A1E7A4F7556}") = "CustomXamarinFormsBehaviors", "CustomXamarinFormsBehaviors\CustomXamarinFormsBehaviors.csproj", "{B57B6735-266F-4730-AFBB-DF593EF32293}"
EndProject
Project("{FAE04EC0-301F-11D3-BF4B-00C04F79EFBC}") = "CustomXamarinControls.iOS", "..\CustomXamarinControls\CustomXamarinControls.iOS\CustomXamarinControls.iOS.csproj", "{D4B72C82-4736-4CBF-B552-2DFBDB23769E}"
EndProject
Project("{FAE04EC0-301F-11D3-BF4B-00C04F79EFBC}") = "CustomXamarinControls.Droid", "..\CustomXamarinControls\CustomXamarinControls.Android\CustomXamarinControls.Droid.csproj", "{C38DC000-8BAB-47E3-B3D8-D62C44234B19}"
EndProject
Project("{9A19103F-16F7-4668-BE54-9A1E7A4F7556}") = "CustomXamarinControls", "..\CustomXamarinControls\CustomXamarinControls\CustomXamarinControls.csproj", "{34B9231C-CD9B-44D3-B8A1-4F510A0679F8}"
EndProject
Project("{9A19103F-16F7-4668-BE54-9A1E7A4F7556}") = "BudgetAppCross.DataAccess", "BudgetAppCross.DataAccess\BudgetAppCross.DataAccess.csproj", "{B30D8598-9E63-4A50-A16D-35B42432EA5F}"
EndProject
Project("{9A19103F-16F7-4668-BE54-9A1E7A4F7556}") = "BudgetAppCross.StateManagers", "BudgetAppCross.StateManager\BudgetAppCross.StateManagers.csproj", "{3C003DB8-2BEC-4F07-82E9-869A84415894}"
EndProject
Project("{FAE04EC0-301F-11D3-BF4B-00C04F79EFBC}") = "BudgetAppCrossNew.Mobile.Android", "BudgetAppCrossNew.Mobile\BudgetAppCrossNew.Mobile.Android\BudgetAppCrossNew.Mobile.Android.csproj", "{2D5ECBDB-A7ED-472F-A880-898001B6358B}"
EndProject
Project("{FAE04EC0-301F-11D3-BF4B-00C04F79EFBC}") = "BudgetAppCrossNew.Mobile.iOS", "BudgetAppCrossNew.Mobile\BudgetAppCrossNew.Mobile.iOS\BudgetAppCrossNew.Mobile.iOS.csproj", "{71F48AC8-9987-44E7-A999-2D143B18EBB9}"
EndProject
Project("{9A19103F-16F7-4668-BE54-9A1E7A4F7556}") = "BudgetAppCrossNew.Mobile", "BudgetAppCrossNew.Mobile\BudgetAppCrossNew.Mobile\BudgetAppCrossNew.Mobile.csproj", "{C75E4E3A-9A64-4C5A-8867-A75535AF2FF8}"
EndProject
Project("{9A19103F-16F7-4668-BE54-9A1E7A4F7556}") = "BaseClasses", "..\SharedProjects\Standard\BaseClasses\BaseClasses.csproj", "{51C9F9C9-C57F-4293-8A31-296A67B94A72}"
EndProject
Project("{9A19103F-16F7-4668-BE54-9A1E7A4F7556}") = "BaseViewModels", "..\SharedProjects\Standard\BaseViewModels\BaseViewModels.csproj", "{2D181079-E627-43C5-A14F-370ED155704D}"
EndProject
Project("{9A19103F-16F7-4668-BE54-9A1E7A4F7556}") = "XamarinStyles", "..\SharedProjects\UX\XamarinStyles\XamarinStyles.csproj", "{A194747F-C078-4AB3-882A-7B794AE77945}"
EndProject
Project("{9A19103F-16F7-4668-BE54-9A1E7A4F7556}") = "BudgetAppCross.Configurations", "BudgetAppCross.Configurations\BudgetAppCross.Configurations.csproj", "{C7FB9029-6F4A-4FB3-908F-E4681E924126}"
EndProject
Project("{FAE04EC0-301F-11D3-BF4B-00C04F79EFBC}") = "BudgetAppCross.SQLiteDataAccess", "BudgetAppCross.SQLiteDataAccess\BudgetAppCross.SQLiteDataAccess.csproj", "{540552D5-4100-4ECD-9C21-550FB43FDB78}"
EndProject
Project("{9A19103F-16F7-4668-BE54-9A1E7A4F7556}") = "SQLiteHelpers", "..\SharedProjects\Standard\SQLiteHelpers\SQLiteHelpers.csproj", "{4B6F1532-5E61-4026-9A98-919077A34910}"
EndProject
Global
	GlobalSection(SolutionConfigurationPlatforms) = preSolution
		Debug|Any CPU = Debug|Any CPU
		Debug|iPhone = Debug|iPhone
		Debug|iPhoneSimulator = Debug|iPhoneSimulator
		Release|Any CPU = Release|Any CPU
		Release|iPhone = Release|iPhone
		Release|iPhoneSimulator = Release|iPhoneSimulator
	EndGlobalSection
	GlobalSection(ProjectConfigurationPlatforms) = postSolution
		{367885F9-3EA9-4379-852E-95C2C320CCD5}.Debug|Any CPU.ActiveCfg = Debug|Any CPU
		{367885F9-3EA9-4379-852E-95C2C320CCD5}.Debug|Any CPU.Build.0 = Debug|Any CPU
		{367885F9-3EA9-4379-852E-95C2C320CCD5}.Debug|iPhone.ActiveCfg = Debug|Any CPU
		{367885F9-3EA9-4379-852E-95C2C320CCD5}.Debug|iPhone.Build.0 = Debug|Any CPU
		{367885F9-3EA9-4379-852E-95C2C320CCD5}.Debug|iPhoneSimulator.ActiveCfg = Debug|Any CPU
		{367885F9-3EA9-4379-852E-95C2C320CCD5}.Debug|iPhoneSimulator.Build.0 = Debug|Any CPU
		{367885F9-3EA9-4379-852E-95C2C320CCD5}.Release|Any CPU.ActiveCfg = Release|Any CPU
		{367885F9-3EA9-4379-852E-95C2C320CCD5}.Release|Any CPU.Build.0 = Release|Any CPU
		{367885F9-3EA9-4379-852E-95C2C320CCD5}.Release|iPhone.ActiveCfg = Release|Any CPU
		{367885F9-3EA9-4379-852E-95C2C320CCD5}.Release|iPhone.Build.0 = Release|Any CPU
		{367885F9-3EA9-4379-852E-95C2C320CCD5}.Release|iPhoneSimulator.ActiveCfg = Release|Any CPU
		{367885F9-3EA9-4379-852E-95C2C320CCD5}.Release|iPhoneSimulator.Build.0 = Release|Any CPU
		{697630EA-D58D-43FD-B686-697A6F400B25}.Debug|Any CPU.ActiveCfg = Debug|Any CPU
		{697630EA-D58D-43FD-B686-697A6F400B25}.Debug|Any CPU.Build.0 = Debug|Any CPU
		{697630EA-D58D-43FD-B686-697A6F400B25}.Debug|iPhone.ActiveCfg = Debug|Any CPU
		{697630EA-D58D-43FD-B686-697A6F400B25}.Debug|iPhone.Build.0 = Debug|Any CPU
		{697630EA-D58D-43FD-B686-697A6F400B25}.Debug|iPhoneSimulator.ActiveCfg = Debug|Any CPU
		{697630EA-D58D-43FD-B686-697A6F400B25}.Debug|iPhoneSimulator.Build.0 = Debug|Any CPU
		{697630EA-D58D-43FD-B686-697A6F400B25}.Release|Any CPU.ActiveCfg = Release|Any CPU
		{697630EA-D58D-43FD-B686-697A6F400B25}.Release|Any CPU.Build.0 = Release|Any CPU
		{697630EA-D58D-43FD-B686-697A6F400B25}.Release|iPhone.ActiveCfg = Release|Any CPU
		{697630EA-D58D-43FD-B686-697A6F400B25}.Release|iPhone.Build.0 = Release|Any CPU
		{697630EA-D58D-43FD-B686-697A6F400B25}.Release|iPhoneSimulator.ActiveCfg = Release|Any CPU
		{697630EA-D58D-43FD-B686-697A6F400B25}.Release|iPhoneSimulator.Build.0 = Release|Any CPU
		{A57F6BDF-840F-4AC3-A05B-3F376B2225CB}.Debug|Any CPU.ActiveCfg = Debug|Any CPU
		{A57F6BDF-840F-4AC3-A05B-3F376B2225CB}.Debug|Any CPU.Build.0 = Debug|Any CPU
		{A57F6BDF-840F-4AC3-A05B-3F376B2225CB}.Debug|iPhone.ActiveCfg = Debug|Any CPU
		{A57F6BDF-840F-4AC3-A05B-3F376B2225CB}.Debug|iPhone.Build.0 = Debug|Any CPU
		{A57F6BDF-840F-4AC3-A05B-3F376B2225CB}.Debug|iPhoneSimulator.ActiveCfg = Debug|Any CPU
		{A57F6BDF-840F-4AC3-A05B-3F376B2225CB}.Debug|iPhoneSimulator.Build.0 = Debug|Any CPU
		{A57F6BDF-840F-4AC3-A05B-3F376B2225CB}.Release|Any CPU.ActiveCfg = Release|Any CPU
		{A57F6BDF-840F-4AC3-A05B-3F376B2225CB}.Release|Any CPU.Build.0 = Release|Any CPU
		{A57F6BDF-840F-4AC3-A05B-3F376B2225CB}.Release|iPhone.ActiveCfg = Release|Any CPU
		{A57F6BDF-840F-4AC3-A05B-3F376B2225CB}.Release|iPhone.Build.0 = Release|Any CPU
		{A57F6BDF-840F-4AC3-A05B-3F376B2225CB}.Release|iPhoneSimulator.ActiveCfg = Release|Any CPU
		{A57F6BDF-840F-4AC3-A05B-3F376B2225CB}.Release|iPhoneSimulator.Build.0 = Release|Any CPU
		{88085446-5026-4324-8ECD-B75178C4F834}.Debug|Any CPU.ActiveCfg = Debug|Any CPU
		{88085446-5026-4324-8ECD-B75178C4F834}.Debug|Any CPU.Build.0 = Debug|Any CPU
		{88085446-5026-4324-8ECD-B75178C4F834}.Debug|iPhone.ActiveCfg = Debug|Any CPU
		{88085446-5026-4324-8ECD-B75178C4F834}.Debug|iPhone.Build.0 = Debug|Any CPU
		{88085446-5026-4324-8ECD-B75178C4F834}.Debug|iPhoneSimulator.ActiveCfg = Debug|Any CPU
		{88085446-5026-4324-8ECD-B75178C4F834}.Debug|iPhoneSimulator.Build.0 = Debug|Any CPU
		{88085446-5026-4324-8ECD-B75178C4F834}.Release|Any CPU.ActiveCfg = Release|Any CPU
		{88085446-5026-4324-8ECD-B75178C4F834}.Release|Any CPU.Build.0 = Release|Any CPU
		{88085446-5026-4324-8ECD-B75178C4F834}.Release|iPhone.ActiveCfg = Release|Any CPU
		{88085446-5026-4324-8ECD-B75178C4F834}.Release|iPhone.Build.0 = Release|Any CPU
		{88085446-5026-4324-8ECD-B75178C4F834}.Release|iPhoneSimulator.ActiveCfg = Release|Any CPU
		{88085446-5026-4324-8ECD-B75178C4F834}.Release|iPhoneSimulator.Build.0 = Release|Any CPU
		{141DA9CA-D7A9-41AC-8220-D004854C6EA6}.Debug|Any CPU.ActiveCfg = Debug|Any CPU
		{141DA9CA-D7A9-41AC-8220-D004854C6EA6}.Debug|Any CPU.Build.0 = Debug|Any CPU
		{141DA9CA-D7A9-41AC-8220-D004854C6EA6}.Debug|iPhone.ActiveCfg = Debug|Any CPU
		{141DA9CA-D7A9-41AC-8220-D004854C6EA6}.Debug|iPhone.Build.0 = Debug|Any CPU
		{141DA9CA-D7A9-41AC-8220-D004854C6EA6}.Debug|iPhoneSimulator.ActiveCfg = Debug|Any CPU
		{141DA9CA-D7A9-41AC-8220-D004854C6EA6}.Debug|iPhoneSimulator.Build.0 = Debug|Any CPU
		{141DA9CA-D7A9-41AC-8220-D004854C6EA6}.Release|Any CPU.ActiveCfg = Release|Any CPU
		{141DA9CA-D7A9-41AC-8220-D004854C6EA6}.Release|Any CPU.Build.0 = Release|Any CPU
		{141DA9CA-D7A9-41AC-8220-D004854C6EA6}.Release|iPhone.ActiveCfg = Release|Any CPU
		{141DA9CA-D7A9-41AC-8220-D004854C6EA6}.Release|iPhone.Build.0 = Release|Any CPU
		{141DA9CA-D7A9-41AC-8220-D004854C6EA6}.Release|iPhoneSimulator.ActiveCfg = Release|Any CPU
		{141DA9CA-D7A9-41AC-8220-D004854C6EA6}.Release|iPhoneSimulator.Build.0 = Release|Any CPU
		{B57B6735-266F-4730-AFBB-DF593EF32293}.Debug|Any CPU.ActiveCfg = Debug|Any CPU
		{B57B6735-266F-4730-AFBB-DF593EF32293}.Debug|Any CPU.Build.0 = Debug|Any CPU
		{B57B6735-266F-4730-AFBB-DF593EF32293}.Debug|iPhone.ActiveCfg = Debug|Any CPU
		{B57B6735-266F-4730-AFBB-DF593EF32293}.Debug|iPhone.Build.0 = Debug|Any CPU
		{B57B6735-266F-4730-AFBB-DF593EF32293}.Debug|iPhoneSimulator.ActiveCfg = Debug|Any CPU
		{B57B6735-266F-4730-AFBB-DF593EF32293}.Debug|iPhoneSimulator.Build.0 = Debug|Any CPU
		{B57B6735-266F-4730-AFBB-DF593EF32293}.Release|Any CPU.ActiveCfg = Release|Any CPU
		{B57B6735-266F-4730-AFBB-DF593EF32293}.Release|Any CPU.Build.0 = Release|Any CPU
		{B57B6735-266F-4730-AFBB-DF593EF32293}.Release|iPhone.ActiveCfg = Release|Any CPU
		{B57B6735-266F-4730-AFBB-DF593EF32293}.Release|iPhone.Build.0 = Release|Any CPU
		{B57B6735-266F-4730-AFBB-DF593EF32293}.Release|iPhoneSimulator.ActiveCfg = Release|Any CPU
		{B57B6735-266F-4730-AFBB-DF593EF32293}.Release|iPhoneSimulator.Build.0 = Release|Any CPU
		{D4B72C82-4736-4CBF-B552-2DFBDB23769E}.Debug|Any CPU.ActiveCfg = Debug|Any CPU
		{D4B72C82-4736-4CBF-B552-2DFBDB23769E}.Debug|Any CPU.Build.0 = Debug|Any CPU
		{D4B72C82-4736-4CBF-B552-2DFBDB23769E}.Debug|iPhone.ActiveCfg = Debug|Any CPU
		{D4B72C82-4736-4CBF-B552-2DFBDB23769E}.Debug|iPhone.Build.0 = Debug|Any CPU
		{D4B72C82-4736-4CBF-B552-2DFBDB23769E}.Debug|iPhoneSimulator.ActiveCfg = Debug|Any CPU
		{D4B72C82-4736-4CBF-B552-2DFBDB23769E}.Debug|iPhoneSimulator.Build.0 = Debug|Any CPU
		{D4B72C82-4736-4CBF-B552-2DFBDB23769E}.Release|Any CPU.ActiveCfg = Release|Any CPU
		{D4B72C82-4736-4CBF-B552-2DFBDB23769E}.Release|Any CPU.Build.0 = Release|Any CPU
		{D4B72C82-4736-4CBF-B552-2DFBDB23769E}.Release|iPhone.ActiveCfg = Release|Any CPU
		{D4B72C82-4736-4CBF-B552-2DFBDB23769E}.Release|iPhone.Build.0 = Release|Any CPU
		{D4B72C82-4736-4CBF-B552-2DFBDB23769E}.Release|iPhoneSimulator.ActiveCfg = Release|Any CPU
		{D4B72C82-4736-4CBF-B552-2DFBDB23769E}.Release|iPhoneSimulator.Build.0 = Release|Any CPU
		{C38DC000-8BAB-47E3-B3D8-D62C44234B19}.Debug|Any CPU.ActiveCfg = Debug|Any CPU
		{C38DC000-8BAB-47E3-B3D8-D62C44234B19}.Debug|Any CPU.Build.0 = Debug|Any CPU
		{C38DC000-8BAB-47E3-B3D8-D62C44234B19}.Debug|iPhone.ActiveCfg = Debug|Any CPU
		{C38DC000-8BAB-47E3-B3D8-D62C44234B19}.Debug|iPhone.Build.0 = Debug|Any CPU
		{C38DC000-8BAB-47E3-B3D8-D62C44234B19}.Debug|iPhoneSimulator.ActiveCfg = Debug|Any CPU
		{C38DC000-8BAB-47E3-B3D8-D62C44234B19}.Debug|iPhoneSimulator.Build.0 = Debug|Any CPU
		{C38DC000-8BAB-47E3-B3D8-D62C44234B19}.Release|Any CPU.ActiveCfg = Release|Any CPU
		{C38DC000-8BAB-47E3-B3D8-D62C44234B19}.Release|Any CPU.Build.0 = Release|Any CPU
		{C38DC000-8BAB-47E3-B3D8-D62C44234B19}.Release|iPhone.ActiveCfg = Release|Any CPU
		{C38DC000-8BAB-47E3-B3D8-D62C44234B19}.Release|iPhone.Build.0 = Release|Any CPU
		{C38DC000-8BAB-47E3-B3D8-D62C44234B19}.Release|iPhoneSimulator.ActiveCfg = Release|Any CPU
		{C38DC000-8BAB-47E3-B3D8-D62C44234B19}.Release|iPhoneSimulator.Build.0 = Release|Any CPU
		{34B9231C-CD9B-44D3-B8A1-4F510A0679F8}.Debug|Any CPU.ActiveCfg = Debug|Any CPU
		{34B9231C-CD9B-44D3-B8A1-4F510A0679F8}.Debug|Any CPU.Build.0 = Debug|Any CPU
		{34B9231C-CD9B-44D3-B8A1-4F510A0679F8}.Debug|iPhone.ActiveCfg = Debug|Any CPU
		{34B9231C-CD9B-44D3-B8A1-4F510A0679F8}.Debug|iPhone.Build.0 = Debug|Any CPU
		{34B9231C-CD9B-44D3-B8A1-4F510A0679F8}.Debug|iPhoneSimulator.ActiveCfg = Debug|Any CPU
		{34B9231C-CD9B-44D3-B8A1-4F510A0679F8}.Debug|iPhoneSimulator.Build.0 = Debug|Any CPU
		{34B9231C-CD9B-44D3-B8A1-4F510A0679F8}.Release|Any CPU.ActiveCfg = Release|Any CPU
		{34B9231C-CD9B-44D3-B8A1-4F510A0679F8}.Release|Any CPU.Build.0 = Release|Any CPU
		{34B9231C-CD9B-44D3-B8A1-4F510A0679F8}.Release|iPhone.ActiveCfg = Release|Any CPU
		{34B9231C-CD9B-44D3-B8A1-4F510A0679F8}.Release|iPhone.Build.0 = Release|Any CPU
		{34B9231C-CD9B-44D3-B8A1-4F510A0679F8}.Release|iPhoneSimulator.ActiveCfg = Release|Any CPU
		{34B9231C-CD9B-44D3-B8A1-4F510A0679F8}.Release|iPhoneSimulator.Build.0 = Release|Any CPU
		{B30D8598-9E63-4A50-A16D-35B42432EA5F}.Debug|Any CPU.ActiveCfg = Debug|Any CPU
		{B30D8598-9E63-4A50-A16D-35B42432EA5F}.Debug|Any CPU.Build.0 = Debug|Any CPU
		{B30D8598-9E63-4A50-A16D-35B42432EA5F}.Debug|iPhone.ActiveCfg = Debug|Any CPU
		{B30D8598-9E63-4A50-A16D-35B42432EA5F}.Debug|iPhone.Build.0 = Debug|Any CPU
		{B30D8598-9E63-4A50-A16D-35B42432EA5F}.Debug|iPhoneSimulator.ActiveCfg = Debug|Any CPU
		{B30D8598-9E63-4A50-A16D-35B42432EA5F}.Debug|iPhoneSimulator.Build.0 = Debug|Any CPU
		{B30D8598-9E63-4A50-A16D-35B42432EA5F}.Release|Any CPU.ActiveCfg = Release|Any CPU
		{B30D8598-9E63-4A50-A16D-35B42432EA5F}.Release|Any CPU.Build.0 = Release|Any CPU
		{B30D8598-9E63-4A50-A16D-35B42432EA5F}.Release|iPhone.ActiveCfg = Release|Any CPU
		{B30D8598-9E63-4A50-A16D-35B42432EA5F}.Release|iPhone.Build.0 = Release|Any CPU
		{B30D8598-9E63-4A50-A16D-35B42432EA5F}.Release|iPhoneSimulator.ActiveCfg = Release|Any CPU
		{B30D8598-9E63-4A50-A16D-35B42432EA5F}.Release|iPhoneSimulator.Build.0 = Release|Any CPU
		{3C003DB8-2BEC-4F07-82E9-869A84415894}.Debug|Any CPU.ActiveCfg = Debug|Any CPU
		{3C003DB8-2BEC-4F07-82E9-869A84415894}.Debug|Any CPU.Build.0 = Debug|Any CPU
		{3C003DB8-2BEC-4F07-82E9-869A84415894}.Debug|iPhone.ActiveCfg = Debug|Any CPU
		{3C003DB8-2BEC-4F07-82E9-869A84415894}.Debug|iPhone.Build.0 = Debug|Any CPU
		{3C003DB8-2BEC-4F07-82E9-869A84415894}.Debug|iPhoneSimulator.ActiveCfg = Debug|Any CPU
		{3C003DB8-2BEC-4F07-82E9-869A84415894}.Debug|iPhoneSimulator.Build.0 = Debug|Any CPU
		{3C003DB8-2BEC-4F07-82E9-869A84415894}.Release|Any CPU.ActiveCfg = Release|Any CPU
		{3C003DB8-2BEC-4F07-82E9-869A84415894}.Release|Any CPU.Build.0 = Release|Any CPU
		{3C003DB8-2BEC-4F07-82E9-869A84415894}.Release|iPhone.ActiveCfg = Release|Any CPU
		{3C003DB8-2BEC-4F07-82E9-869A84415894}.Release|iPhone.Build.0 = Release|Any CPU
		{3C003DB8-2BEC-4F07-82E9-869A84415894}.Release|iPhoneSimulator.ActiveCfg = Release|Any CPU
		{3C003DB8-2BEC-4F07-82E9-869A84415894}.Release|iPhoneSimulator.Build.0 = Release|Any CPU
		{2D5ECBDB-A7ED-472F-A880-898001B6358B}.Debug|Any CPU.ActiveCfg = Debug|Any CPU
		{2D5ECBDB-A7ED-472F-A880-898001B6358B}.Debug|Any CPU.Build.0 = Debug|Any CPU
		{2D5ECBDB-A7ED-472F-A880-898001B6358B}.Debug|Any CPU.Deploy.0 = Debug|Any CPU
		{2D5ECBDB-A7ED-472F-A880-898001B6358B}.Debug|iPhone.ActiveCfg = Debug|Any CPU
		{2D5ECBDB-A7ED-472F-A880-898001B6358B}.Debug|iPhone.Build.0 = Debug|Any CPU
		{2D5ECBDB-A7ED-472F-A880-898001B6358B}.Debug|iPhone.Deploy.0 = Debug|Any CPU
		{2D5ECBDB-A7ED-472F-A880-898001B6358B}.Debug|iPhoneSimulator.ActiveCfg = Debug|Any CPU
		{2D5ECBDB-A7ED-472F-A880-898001B6358B}.Debug|iPhoneSimulator.Build.0 = Debug|Any CPU
		{2D5ECBDB-A7ED-472F-A880-898001B6358B}.Debug|iPhoneSimulator.Deploy.0 = Debug|Any CPU
		{2D5ECBDB-A7ED-472F-A880-898001B6358B}.Release|Any CPU.ActiveCfg = Release|Any CPU
		{2D5ECBDB-A7ED-472F-A880-898001B6358B}.Release|Any CPU.Build.0 = Release|Any CPU
		{2D5ECBDB-A7ED-472F-A880-898001B6358B}.Release|Any CPU.Deploy.0 = Release|Any CPU
		{2D5ECBDB-A7ED-472F-A880-898001B6358B}.Release|iPhone.ActiveCfg = Release|Any CPU
		{2D5ECBDB-A7ED-472F-A880-898001B6358B}.Release|iPhone.Build.0 = Release|Any CPU
		{2D5ECBDB-A7ED-472F-A880-898001B6358B}.Release|iPhone.Deploy.0 = Release|Any CPU
		{2D5ECBDB-A7ED-472F-A880-898001B6358B}.Release|iPhoneSimulator.ActiveCfg = Release|Any CPU
		{2D5ECBDB-A7ED-472F-A880-898001B6358B}.Release|iPhoneSimulator.Build.0 = Release|Any CPU
		{2D5ECBDB-A7ED-472F-A880-898001B6358B}.Release|iPhoneSimulator.Deploy.0 = Release|Any CPU
		{71F48AC8-9987-44E7-A999-2D143B18EBB9}.Debug|Any CPU.ActiveCfg = Debug|iPhoneSimulator
		{71F48AC8-9987-44E7-A999-2D143B18EBB9}.Debug|iPhone.ActiveCfg = Debug|iPhone
		{71F48AC8-9987-44E7-A999-2D143B18EBB9}.Debug|iPhone.Build.0 = Debug|iPhone
		{71F48AC8-9987-44E7-A999-2D143B18EBB9}.Debug|iPhoneSimulator.ActiveCfg = Debug|iPhoneSimulator
		{71F48AC8-9987-44E7-A999-2D143B18EBB9}.Debug|iPhoneSimulator.Build.0 = Debug|iPhoneSimulator
		{71F48AC8-9987-44E7-A999-2D143B18EBB9}.Release|Any CPU.ActiveCfg = Release|iPhoneSimulator
		{71F48AC8-9987-44E7-A999-2D143B18EBB9}.Release|iPhone.ActiveCfg = Release|iPhone
		{71F48AC8-9987-44E7-A999-2D143B18EBB9}.Release|iPhone.Build.0 = Release|iPhone
		{71F48AC8-9987-44E7-A999-2D143B18EBB9}.Release|iPhoneSimulator.ActiveCfg = Release|iPhoneSimulator
		{71F48AC8-9987-44E7-A999-2D143B18EBB9}.Release|iPhoneSimulator.Build.0 = Release|iPhoneSimulator
		{C75E4E3A-9A64-4C5A-8867-A75535AF2FF8}.Debug|Any CPU.ActiveCfg = Debug|Any CPU
		{C75E4E3A-9A64-4C5A-8867-A75535AF2FF8}.Debug|Any CPU.Build.0 = Debug|Any CPU
		{C75E4E3A-9A64-4C5A-8867-A75535AF2FF8}.Debug|iPhone.ActiveCfg = Debug|Any CPU
		{C75E4E3A-9A64-4C5A-8867-A75535AF2FF8}.Debug|iPhone.Build.0 = Debug|Any CPU
		{C75E4E3A-9A64-4C5A-8867-A75535AF2FF8}.Debug|iPhoneSimulator.ActiveCfg = Debug|Any CPU
		{C75E4E3A-9A64-4C5A-8867-A75535AF2FF8}.Debug|iPhoneSimulator.Build.0 = Debug|Any CPU
		{C75E4E3A-9A64-4C5A-8867-A75535AF2FF8}.Release|Any CPU.ActiveCfg = Release|Any CPU
		{C75E4E3A-9A64-4C5A-8867-A75535AF2FF8}.Release|Any CPU.Build.0 = Release|Any CPU
		{C75E4E3A-9A64-4C5A-8867-A75535AF2FF8}.Release|iPhone.ActiveCfg = Release|Any CPU
		{C75E4E3A-9A64-4C5A-8867-A75535AF2FF8}.Release|iPhone.Build.0 = Release|Any CPU
		{C75E4E3A-9A64-4C5A-8867-A75535AF2FF8}.Release|iPhoneSimulator.ActiveCfg = Release|Any CPU
		{C75E4E3A-9A64-4C5A-8867-A75535AF2FF8}.Release|iPhoneSimulator.Build.0 = Release|Any CPU
		{51C9F9C9-C57F-4293-8A31-296A67B94A72}.Debug|Any CPU.ActiveCfg = Debug|Any CPU
		{51C9F9C9-C57F-4293-8A31-296A67B94A72}.Debug|Any CPU.Build.0 = Debug|Any CPU
		{51C9F9C9-C57F-4293-8A31-296A67B94A72}.Debug|iPhone.ActiveCfg = Debug|Any CPU
		{51C9F9C9-C57F-4293-8A31-296A67B94A72}.Debug|iPhone.Build.0 = Debug|Any CPU
		{51C9F9C9-C57F-4293-8A31-296A67B94A72}.Debug|iPhoneSimulator.ActiveCfg = Debug|Any CPU
		{51C9F9C9-C57F-4293-8A31-296A67B94A72}.Debug|iPhoneSimulator.Build.0 = Debug|Any CPU
		{51C9F9C9-C57F-4293-8A31-296A67B94A72}.Release|Any CPU.ActiveCfg = Release|Any CPU
		{51C9F9C9-C57F-4293-8A31-296A67B94A72}.Release|Any CPU.Build.0 = Release|Any CPU
		{51C9F9C9-C57F-4293-8A31-296A67B94A72}.Release|iPhone.ActiveCfg = Release|Any CPU
		{51C9F9C9-C57F-4293-8A31-296A67B94A72}.Release|iPhone.Build.0 = Release|Any CPU
		{51C9F9C9-C57F-4293-8A31-296A67B94A72}.Release|iPhoneSimulator.ActiveCfg = Release|Any CPU
		{51C9F9C9-C57F-4293-8A31-296A67B94A72}.Release|iPhoneSimulator.Build.0 = Release|Any CPU
		{2D181079-E627-43C5-A14F-370ED155704D}.Debug|Any CPU.ActiveCfg = Debug|Any CPU
		{2D181079-E627-43C5-A14F-370ED155704D}.Debug|Any CPU.Build.0 = Debug|Any CPU
		{2D181079-E627-43C5-A14F-370ED155704D}.Debug|iPhone.ActiveCfg = Debug|Any CPU
		{2D181079-E627-43C5-A14F-370ED155704D}.Debug|iPhone.Build.0 = Debug|Any CPU
		{2D181079-E627-43C5-A14F-370ED155704D}.Debug|iPhoneSimulator.ActiveCfg = Debug|Any CPU
		{2D181079-E627-43C5-A14F-370ED155704D}.Debug|iPhoneSimulator.Build.0 = Debug|Any CPU
		{2D181079-E627-43C5-A14F-370ED155704D}.Release|Any CPU.ActiveCfg = Release|Any CPU
		{2D181079-E627-43C5-A14F-370ED155704D}.Release|Any CPU.Build.0 = Release|Any CPU
		{2D181079-E627-43C5-A14F-370ED155704D}.Release|iPhone.ActiveCfg = Release|Any CPU
		{2D181079-E627-43C5-A14F-370ED155704D}.Release|iPhone.Build.0 = Release|Any CPU
		{2D181079-E627-43C5-A14F-370ED155704D}.Release|iPhoneSimulator.ActiveCfg = Release|Any CPU
		{2D181079-E627-43C5-A14F-370ED155704D}.Release|iPhoneSimulator.Build.0 = Release|Any CPU
		{A194747F-C078-4AB3-882A-7B794AE77945}.Debug|Any CPU.ActiveCfg = Debug|Any CPU
		{A194747F-C078-4AB3-882A-7B794AE77945}.Debug|Any CPU.Build.0 = Debug|Any CPU
		{A194747F-C078-4AB3-882A-7B794AE77945}.Debug|iPhone.ActiveCfg = Debug|Any CPU
		{A194747F-C078-4AB3-882A-7B794AE77945}.Debug|iPhone.Build.0 = Debug|Any CPU
		{A194747F-C078-4AB3-882A-7B794AE77945}.Debug|iPhoneSimulator.ActiveCfg = Debug|Any CPU
		{A194747F-C078-4AB3-882A-7B794AE77945}.Debug|iPhoneSimulator.Build.0 = Debug|Any CPU
		{A194747F-C078-4AB3-882A-7B794AE77945}.Release|Any CPU.ActiveCfg = Release|Any CPU
		{A194747F-C078-4AB3-882A-7B794AE77945}.Release|Any CPU.Build.0 = Release|Any CPU
		{A194747F-C078-4AB3-882A-7B794AE77945}.Release|iPhone.ActiveCfg = Release|Any CPU
		{A194747F-C078-4AB3-882A-7B794AE77945}.Release|iPhone.Build.0 = Release|Any CPU
		{A194747F-C078-4AB3-882A-7B794AE77945}.Release|iPhoneSimulator.ActiveCfg = Release|Any CPU
		{A194747F-C078-4AB3-882A-7B794AE77945}.Release|iPhoneSimulator.Build.0 = Release|Any CPU
		{C7FB9029-6F4A-4FB3-908F-E4681E924126}.Debug|Any CPU.ActiveCfg = Debug|Any CPU
		{C7FB9029-6F4A-4FB3-908F-E4681E924126}.Debug|Any CPU.Build.0 = Debug|Any CPU
		{C7FB9029-6F4A-4FB3-908F-E4681E924126}.Debug|iPhone.ActiveCfg = Debug|Any CPU
		{C7FB9029-6F4A-4FB3-908F-E4681E924126}.Debug|iPhone.Build.0 = Debug|Any CPU
		{C7FB9029-6F4A-4FB3-908F-E4681E924126}.Debug|iPhoneSimulator.ActiveCfg = Debug|Any CPU
		{C7FB9029-6F4A-4FB3-908F-E4681E924126}.Debug|iPhoneSimulator.Build.0 = Debug|Any CPU
		{C7FB9029-6F4A-4FB3-908F-E4681E924126}.Release|Any CPU.ActiveCfg = Release|Any CPU
		{C7FB9029-6F4A-4FB3-908F-E4681E924126}.Release|Any CPU.Build.0 = Release|Any CPU
		{C7FB9029-6F4A-4FB3-908F-E4681E924126}.Release|iPhone.ActiveCfg = Release|Any CPU
		{C7FB9029-6F4A-4FB3-908F-E4681E924126}.Release|iPhone.Build.0 = Release|Any CPU
		{C7FB9029-6F4A-4FB3-908F-E4681E924126}.Release|iPhoneSimulator.ActiveCfg = Release|Any CPU
		{C7FB9029-6F4A-4FB3-908F-E4681E924126}.Release|iPhoneSimulator.Build.0 = Release|Any CPU
		{540552D5-4100-4ECD-9C21-550FB43FDB78}.Debug|Any CPU.ActiveCfg = Debug|Any CPU
		{540552D5-4100-4ECD-9C21-550FB43FDB78}.Debug|Any CPU.Build.0 = Debug|Any CPU
		{540552D5-4100-4ECD-9C21-550FB43FDB78}.Debug|iPhone.ActiveCfg = Debug|Any CPU
		{540552D5-4100-4ECD-9C21-550FB43FDB78}.Debug|iPhone.Build.0 = Debug|Any CPU
		{540552D5-4100-4ECD-9C21-550FB43FDB78}.Debug|iPhoneSimulator.ActiveCfg = Debug|Any CPU
		{540552D5-4100-4ECD-9C21-550FB43FDB78}.Debug|iPhoneSimulator.Build.0 = Debug|Any CPU
		{540552D5-4100-4ECD-9C21-550FB43FDB78}.Release|Any CPU.ActiveCfg = Release|Any CPU
		{540552D5-4100-4ECD-9C21-550FB43FDB78}.Release|Any CPU.Build.0 = Release|Any CPU
		{540552D5-4100-4ECD-9C21-550FB43FDB78}.Release|iPhone.ActiveCfg = Release|Any CPU
		{540552D5-4100-4ECD-9C21-550FB43FDB78}.Release|iPhone.Build.0 = Release|Any CPU
		{540552D5-4100-4ECD-9C21-550FB43FDB78}.Release|iPhoneSimulator.ActiveCfg = Release|Any CPU
		{540552D5-4100-4ECD-9C21-550FB43FDB78}.Release|iPhoneSimulator.Build.0 = Release|Any CPU
		{4B6F1532-5E61-4026-9A98-919077A34910}.Debug|Any CPU.ActiveCfg = Debug|Any CPU
		{4B6F1532-5E61-4026-9A98-919077A34910}.Debug|Any CPU.Build.0 = Debug|Any CPU
		{4B6F1532-5E61-4026-9A98-919077A34910}.Debug|iPhone.ActiveCfg = Debug|Any CPU
		{4B6F1532-5E61-4026-9A98-919077A34910}.Debug|iPhone.Build.0 = Debug|Any CPU
		{4B6F1532-5E61-4026-9A98-919077A34910}.Debug|iPhoneSimulator.ActiveCfg = Debug|Any CPU
		{4B6F1532-5E61-4026-9A98-919077A34910}.Debug|iPhoneSimulator.Build.0 = Debug|Any CPU
		{4B6F1532-5E61-4026-9A98-919077A34910}.Release|Any CPU.ActiveCfg = Release|Any CPU
		{4B6F1532-5E61-4026-9A98-919077A34910}.Release|Any CPU.Build.0 = Release|Any CPU
		{4B6F1532-5E61-4026-9A98-919077A34910}.Release|iPhone.ActiveCfg = Release|Any CPU
		{4B6F1532-5E61-4026-9A98-919077A34910}.Release|iPhone.Build.0 = Release|Any CPU
		{4B6F1532-5E61-4026-9A98-919077A34910}.Release|iPhoneSimulator.ActiveCfg = Release|Any CPU
		{4B6F1532-5E61-4026-9A98-919077A34910}.Release|iPhoneSimulator.Build.0 = Release|Any CPU
	EndGlobalSection
	GlobalSection(SolutionProperties) = preSolution
		HideSolutionNode = FALSE
	EndGlobalSection
	GlobalSection(ExtensibilityGlobals) = postSolution
		SolutionGuid = {E55A5C70-B774-45EC-ACF6-1DF4F761DD3C}
	EndGlobalSection
EndGlobal
